// !$*UTF8*$!
{
	archiveVersion = 1;
	classes = {
	};
	objectVersion = 55;
	objects = {

/* Begin PBXBuildFile section */
		92014AF528C647FD0097EFD5 /* AppetizersApp.swift in Sources */ = {isa = PBXBuildFile; fileRef = 92014AF428C647FD0097EFD5 /* AppetizersApp.swift */; };
		92014AF728C647FD0097EFD5 /* AppetizerTabView.swift in Sources */ = {isa = PBXBuildFile; fileRef = 92014AF628C647FD0097EFD5 /* AppetizerTabView.swift */; };
		92014AF928C647FF0097EFD5 /* Assets.xcassets in Resources */ = {isa = PBXBuildFile; fileRef = 92014AF828C647FF0097EFD5 /* Assets.xcassets */; };
		92014AFC28C647FF0097EFD5 /* Preview Assets.xcassets in Resources */ = {isa = PBXBuildFile; fileRef = 92014AFB28C647FF0097EFD5 /* Preview Assets.xcassets */; };
		92014B0328C648620097EFD5 /* AppetizerListView.swift in Sources */ = {isa = PBXBuildFile; fileRef = 92014B0228C648620097EFD5 /* AppetizerListView.swift */; };
		92014B0528C6486B0097EFD5 /* AccountView.swift in Sources */ = {isa = PBXBuildFile; fileRef = 92014B0428C6486B0097EFD5 /* AccountView.swift */; };
		92014B0728C648750097EFD5 /* OrderView.swift in Sources */ = {isa = PBXBuildFile; fileRef = 92014B0628C648750097EFD5 /* OrderView.swift */; };
		92014B0928C64CFD0097EFD5 /* Appetizer.swift in Sources */ = {isa = PBXBuildFile; fileRef = 92014B0828C64CFD0097EFD5 /* Appetizer.swift */; };
		92014B0D28C68C380097EFD5 /* AppetizerListCell.swift in Sources */ = {isa = PBXBuildFile; fileRef = 92014B0C28C68C380097EFD5 /* AppetizerListCell.swift */; };
		92014B0F28C68CF30097EFD5 /* NetworkManager.swift in Sources */ = {isa = PBXBuildFile; fileRef = 92014B0E28C68CF30097EFD5 /* NetworkManager.swift */; };
		92014B1128C68DDB0097EFD5 /* APError.swift in Sources */ = {isa = PBXBuildFile; fileRef = 92014B1028C68DDB0097EFD5 /* APError.swift */; };
		92014B1328C693A20097EFD5 /* AppetizerListViewModel.swift in Sources */ = {isa = PBXBuildFile; fileRef = 92014B1228C693A20097EFD5 /* AppetizerListViewModel.swift */; };
		92014B1528C695800097EFD5 /* Alert.swift in Sources */ = {isa = PBXBuildFile; fileRef = 92014B1428C695800097EFD5 /* Alert.swift */; };
		92AD98E328F4E8A70061B2E3 /* LoadingView.swift in Sources */ = {isa = PBXBuildFile; fileRef = 92AD98E228F4E8A70061B2E3 /* LoadingView.swift */; };
		92AD98E528F4E98B0061B2E3 /* Color+Ext.swift in Sources */ = {isa = PBXBuildFile; fileRef = 92AD98E428F4E98B0061B2E3 /* Color+Ext.swift */; };
		92AD98E728FB52040061B2E3 /* RemoteImage.swift in Sources */ = {isa = PBXBuildFile; fileRef = 92AD98E628FB52040061B2E3 /* RemoteImage.swift */; };
		92AD98FA28FB5D850061B2E3 /* AppetizerDetailView.swift in Sources */ = {isa = PBXBuildFile; fileRef = 92AD98F928FB5D850061B2E3 /* AppetizerDetailView.swift */; };
		92AD98FD28FB83FB0061B2E3 /* APButton.swift in Sources */ = {isa = PBXBuildFile; fileRef = 92AD98FC28FB83FB0061B2E3 /* APButton.swift */; };
		92AD98FF28FB84A80061B2E3 /* XDismissButton.swift in Sources */ = {isa = PBXBuildFile; fileRef = 92AD98FE28FB84A80061B2E3 /* XDismissButton.swift */; };
		92F2972928FC55C200692E6F /* AccountViewModel.swift in Sources */ = {isa = PBXBuildFile; fileRef = 92F2972828FC55C200692E6F /* AccountViewModel.swift */; };
		92F2972B28FC573D00692E6F /* String+Ext.swift in Sources */ = {isa = PBXBuildFile; fileRef = 92F2972A28FC573D00692E6F /* String+Ext.swift */; };
		92F2972D28FC5BD400692E6F /* User.swift in Sources */ = {isa = PBXBuildFile; fileRef = 92F2972C28FC5BD400692E6F /* User.swift */; };
		92F2973128FC6C8400692E6F /* EmptyState.swift in Sources */ = {isa = PBXBuildFile; fileRef = 92F2973028FC6C8400692E6F /* EmptyState.swift */; };
		92F2973328FC702D00692E6F /* Order.swift in Sources */ = {isa = PBXBuildFile; fileRef = 92F2973228FC702D00692E6F /* Order.swift */; };
/* End PBXBuildFile section */

/* Begin PBXFileReference section */
		92014AF128C647FD0097EFD5 /* Appetizers.app */ = {isa = PBXFileReference; explicitFileType = wrapper.application; includeInIndex = 0; path = Appetizers.app; sourceTree = BUILT_PRODUCTS_DIR; };
		92014AF428C647FD0097EFD5 /* AppetizersApp.swift */ = {isa = PBXFileReference; lastKnownFileType = sourcecode.swift; path = AppetizersApp.swift; sourceTree = "<group>"; };
		92014AF628C647FD0097EFD5 /* AppetizerTabView.swift */ = {isa = PBXFileReference; lastKnownFileType = sourcecode.swift; path = AppetizerTabView.swift; sourceTree = "<group>"; };
		92014AF828C647FF0097EFD5 /* Assets.xcassets */ = {isa = PBXFileReference; lastKnownFileType = folder.assetcatalog; path = Assets.xcassets; sourceTree = "<group>"; };
		92014AFB28C647FF0097EFD5 /* Preview Assets.xcassets */ = {isa = PBXFileReference; lastKnownFileType = folder.assetcatalog; path = "Preview Assets.xcassets"; sourceTree = "<group>"; };
		92014B0228C648620097EFD5 /* AppetizerListView.swift */ = {isa = PBXFileReference; lastKnownFileType = sourcecode.swift; path = AppetizerListView.swift; sourceTree = "<group>"; };
		92014B0428C6486B0097EFD5 /* AccountView.swift */ = {isa = PBXFileReference; lastKnownFileType = sourcecode.swift; path = AccountView.swift; sourceTree = "<group>"; };
		92014B0628C648750097EFD5 /* OrderView.swift */ = {isa = PBXFileReference; lastKnownFileType = sourcecode.swift; path = OrderView.swift; sourceTree = "<group>"; };
		92014B0828C64CFD0097EFD5 /* Appetizer.swift */ = {isa = PBXFileReference; lastKnownFileType = sourcecode.swift; path = Appetizer.swift; sourceTree = "<group>"; };
		92014B0C28C68C380097EFD5 /* AppetizerListCell.swift */ = {isa = PBXFileReference; lastKnownFileType = sourcecode.swift; path = AppetizerListCell.swift; sourceTree = "<group>"; };
		92014B0E28C68CF30097EFD5 /* NetworkManager.swift */ = {isa = PBXFileReference; lastKnownFileType = sourcecode.swift; path = NetworkManager.swift; sourceTree = "<group>"; };
		92014B1028C68DDB0097EFD5 /* APError.swift */ = {isa = PBXFileReference; lastKnownFileType = sourcecode.swift; path = APError.swift; sourceTree = "<group>"; };
		92014B1228C693A20097EFD5 /* AppetizerListViewModel.swift */ = {isa = PBXFileReference; lastKnownFileType = sourcecode.swift; path = AppetizerListViewModel.swift; sourceTree = "<group>"; };
		92014B1428C695800097EFD5 /* Alert.swift */ = {isa = PBXFileReference; lastKnownFileType = sourcecode.swift; path = Alert.swift; sourceTree = "<group>"; };
		92AD98E228F4E8A70061B2E3 /* LoadingView.swift */ = {isa = PBXFileReference; lastKnownFileType = sourcecode.swift; path = LoadingView.swift; sourceTree = "<group>"; };
		92AD98E428F4E98B0061B2E3 /* Color+Ext.swift */ = {isa = PBXFileReference; lastKnownFileType = sourcecode.swift; path = "Color+Ext.swift"; sourceTree = "<group>"; };
		92AD98E628FB52040061B2E3 /* RemoteImage.swift */ = {isa = PBXFileReference; lastKnownFileType = sourcecode.swift; path = RemoteImage.swift; sourceTree = "<group>"; };
		92AD98F928FB5D850061B2E3 /* AppetizerDetailView.swift */ = {isa = PBXFileReference; lastKnownFileType = sourcecode.swift; path = AppetizerDetailView.swift; sourceTree = "<group>"; };
		92AD98FC28FB83FB0061B2E3 /* APButton.swift */ = {isa = PBXFileReference; lastKnownFileType = sourcecode.swift; path = APButton.swift; sourceTree = "<group>"; };
		92AD98FE28FB84A80061B2E3 /* XDismissButton.swift */ = {isa = PBXFileReference; lastKnownFileType = sourcecode.swift; path = XDismissButton.swift; sourceTree = "<group>"; };
		92F2972828FC55C200692E6F /* AccountViewModel.swift */ = {isa = PBXFileReference; lastKnownFileType = sourcecode.swift; path = AccountViewModel.swift; sourceTree = "<group>"; };
		92F2972A28FC573D00692E6F /* String+Ext.swift */ = {isa = PBXFileReference; lastKnownFileType = sourcecode.swift; path = "String+Ext.swift"; sourceTree = "<group>"; };
		92F2972C28FC5BD400692E6F /* User.swift */ = {isa = PBXFileReference; lastKnownFileType = sourcecode.swift; path = User.swift; sourceTree = "<group>"; };
		92F2973028FC6C8400692E6F /* EmptyState.swift */ = {isa = PBXFileReference; lastKnownFileType = sourcecode.swift; path = EmptyState.swift; sourceTree = "<group>"; };
		92F2973228FC702D00692E6F /* Order.swift */ = {isa = PBXFileReference; lastKnownFileType = sourcecode.swift; path = Order.swift; sourceTree = "<group>"; };
/* End PBXFileReference section */

/* Begin PBXFrameworksBuildPhase section */
		92014AEE28C647FD0097EFD5 /* Frameworks */ = {
			isa = PBXFrameworksBuildPhase;
			buildActionMask = 2147483647;
			files = (
			);
			runOnlyForDeploymentPostprocessing = 0;
		};
/* End PBXFrameworksBuildPhase section */

/* Begin PBXGroup section */
		92014AE828C647FD0097EFD5 = {
			isa = PBXGroup;
			children = (
				92014AF328C647FD0097EFD5 /* Appetizers */,
				92014AF228C647FD0097EFD5 /* Products */,
			);
			sourceTree = "<group>";
		};
		92014AF228C647FD0097EFD5 /* Products */ = {
			isa = PBXGroup;
			children = (
				92014AF128C647FD0097EFD5 /* Appetizers.app */,
			);
			name = Products;
			sourceTree = "<group>";
		};
		92014AF328C647FD0097EFD5 /* Appetizers */ = {
			isa = PBXGroup;
			children = (
				92AD98F228FB5BBC0061B2E3 /* Model */,
				92AD98EE28FB5B620061B2E3 /* Utilities */,
				92AD98F328FB5BEC0061B2E3 /* Views */,
				92AD98E928FB5ABE0061B2E3 /* Screens */,
				92014AF428C647FD0097EFD5 /* AppetizersApp.swift */,
				92014AF828C647FF0097EFD5 /* Assets.xcassets */,
				92014AFA28C647FF0097EFD5 /* Preview Content */,
			);
			path = Appetizers;
			sourceTree = "<group>";
		};
		92014AFA28C647FF0097EFD5 /* Preview Content */ = {
			isa = PBXGroup;
			children = (
				92014AFB28C647FF0097EFD5 /* Preview Assets.xcassets */,
			);
			path = "Preview Content";
			sourceTree = "<group>";
		};
		92AD98E928FB5ABE0061B2E3 /* Screens */ = {
			isa = PBXGroup;
			children = (
				92014AF628C647FD0097EFD5 /* AppetizerTabView.swift */,
				92AD98EC28FB5AE40061B2E3 /* AccountView */,
				92AD98EB28FB5AD40061B2E3 /* AppetizerListView */,
				92AD98ED28FB5B120061B2E3 /* OrderView */,
			);
			path = Screens;
			sourceTree = "<group>";
		};
		92AD98EB28FB5AD40061B2E3 /* AppetizerListView */ = {
			isa = PBXGroup;
			children = (
				92014B1228C693A20097EFD5 /* AppetizerListViewModel.swift */,
				92014B0228C648620097EFD5 /* AppetizerListView.swift */,
				92AD98F928FB5D850061B2E3 /* AppetizerDetailView.swift */,
			);
			path = AppetizerListView;
			sourceTree = "<group>";
		};
		92AD98EC28FB5AE40061B2E3 /* AccountView */ = {
			isa = PBXGroup;
			children = (
				92F2972828FC55C200692E6F /* AccountViewModel.swift */,
				92014B0428C6486B0097EFD5 /* AccountView.swift */,
			);
			path = AccountView;
			sourceTree = "<group>";
		};
		92AD98ED28FB5B120061B2E3 /* OrderView */ = {
			isa = PBXGroup;
			children = (
				92014B0628C648750097EFD5 /* OrderView.swift */,
			);
			path = OrderView;
			sourceTree = "<group>";
		};
		92AD98EE28FB5B620061B2E3 /* Utilities */ = {
			isa = PBXGroup;
			children = (
				92AD98F128FB5B8F0061B2E3 /* Alert */,
				92AD98F028FB5B7E0061B2E3 /* Extensions */,
				92AD98EF28FB5B6D0061B2E3 /* Managers */,
			);
			path = Utilities;
			sourceTree = "<group>";
		};
		92AD98EF28FB5B6D0061B2E3 /* Managers */ = {
			isa = PBXGroup;
			children = (
				92014B0E28C68CF30097EFD5 /* NetworkManager.swift */,
			);
			path = Managers;
			sourceTree = "<group>";
		};
		92AD98F028FB5B7E0061B2E3 /* Extensions */ = {
			isa = PBXGroup;
			children = (
				92AD98E428F4E98B0061B2E3 /* Color+Ext.swift */,
				92F2972A28FC573D00692E6F /* String+Ext.swift */,
			);
			path = Extensions;
			sourceTree = "<group>";
		};
		92AD98F128FB5B8F0061B2E3 /* Alert */ = {
			isa = PBXGroup;
			children = (
				92014B1428C695800097EFD5 /* Alert.swift */,
				92014B1028C68DDB0097EFD5 /* APError.swift */,
			);
			path = Alert;
			sourceTree = "<group>";
		};
		92AD98F228FB5BBC0061B2E3 /* Model */ = {
			isa = PBXGroup;
			children = (
				92014B0828C64CFD0097EFD5 /* Appetizer.swift */,
				92F2972C28FC5BD400692E6F /* User.swift */,
				92F2973228FC702D00692E6F /* Order.swift */,
			);
			path = Model;
			sourceTree = "<group>";
		};
		92AD98F328FB5BEC0061B2E3 /* Views */ = {
			isa = PBXGroup;
			children = (
				92F2972F28FC6C6E00692E6F /* EmptyStates */,
				92AD98FB28FB83EF0061B2E3 /* Buttons */,
				92AD98F628FB5C050061B2E3 /* Image */,
				92AD98F528FB5BFC0061B2E3 /* Cells */,
				92AD98F428FB5BF40061B2E3 /* UIKitComponents */,
			);
			path = Views;
			sourceTree = "<group>";
		};
		92AD98F428FB5BF40061B2E3 /* UIKitComponents */ = {
			isa = PBXGroup;
			children = (
				92AD98E228F4E8A70061B2E3 /* LoadingView.swift */,
			);
			path = UIKitComponents;
			sourceTree = "<group>";
		};
		92AD98F528FB5BFC0061B2E3 /* Cells */ = {
			isa = PBXGroup;
			children = (
				92014B0C28C68C380097EFD5 /* AppetizerListCell.swift */,
			);
			path = Cells;
			sourceTree = "<group>";
		};
		92AD98F628FB5C050061B2E3 /* Image */ = {
			isa = PBXGroup;
			children = (
				92AD98E628FB52040061B2E3 /* RemoteImage.swift */,
			);
			path = Image;
			sourceTree = "<group>";
		};
		92AD98FB28FB83EF0061B2E3 /* Buttons */ = {
			isa = PBXGroup;
			children = (
				92AD98FC28FB83FB0061B2E3 /* APButton.swift */,
				92AD98FE28FB84A80061B2E3 /* XDismissButton.swift */,
			);
			path = Buttons;
			sourceTree = "<group>";
		};
		92F2972F28FC6C6E00692E6F /* EmptyStates */ = {
			isa = PBXGroup;
			children = (
				92F2973028FC6C8400692E6F /* EmptyState.swift */,
			);
			path = EmptyStates;
			sourceTree = "<group>";
		};
/* End PBXGroup section */

/* Begin PBXNativeTarget section */
		92014AF028C647FD0097EFD5 /* Appetizers */ = {
			isa = PBXNativeTarget;
			buildConfigurationList = 92014AFF28C647FF0097EFD5 /* Build configuration list for PBXNativeTarget "Appetizers" */;
			buildPhases = (
				92014AED28C647FD0097EFD5 /* Sources */,
				92014AEE28C647FD0097EFD5 /* Frameworks */,
				92014AEF28C647FD0097EFD5 /* Resources */,
			);
			buildRules = (
			);
			dependencies = (
			);
			name = Appetizers;
			productName = Appetizers;
			productReference = 92014AF128C647FD0097EFD5 /* Appetizers.app */;
			productType = "com.apple.product-type.application";
		};
/* End PBXNativeTarget section */

/* Begin PBXProject section */
		92014AE928C647FD0097EFD5 /* Project object */ = {
			isa = PBXProject;
			attributes = {
				BuildIndependentTargetsInParallel = 1;
				LastSwiftUpdateCheck = 1340;
				LastUpgradeCheck = 1340;
				TargetAttributes = {
					92014AF028C647FD0097EFD5 = {
						CreatedOnToolsVersion = 13.4.1;
					};
				};
			};
			buildConfigurationList = 92014AEC28C647FD0097EFD5 /* Build configuration list for PBXProject "Appetizers" */;
			compatibilityVersion = "Xcode 13.0";
			developmentRegion = en;
			hasScannedForEncodings = 0;
			knownRegions = (
				en,
				Base,
			);
			mainGroup = 92014AE828C647FD0097EFD5;
			productRefGroup = 92014AF228C647FD0097EFD5 /* Products */;
			projectDirPath = "";
			projectRoot = "";
			targets = (
				92014AF028C647FD0097EFD5 /* Appetizers */,
			);
		};
/* End PBXProject section */

/* Begin PBXResourcesBuildPhase section */
		92014AEF28C647FD0097EFD5 /* Resources */ = {
			isa = PBXResourcesBuildPhase;
			buildActionMask = 2147483647;
			files = (
				92014AFC28C647FF0097EFD5 /* Preview Assets.xcassets in Resources */,
				92014AF928C647FF0097EFD5 /* Assets.xcassets in Resources */,
			);
			runOnlyForDeploymentPostprocessing = 0;
		};
/* End PBXResourcesBuildPhase section */

/* Begin PBXSourcesBuildPhase section */
		92014AED28C647FD0097EFD5 /* Sources */ = {
			isa = PBXSourcesBuildPhase;
			buildActionMask = 2147483647;
			files = (
				92014B0928C64CFD0097EFD5 /* Appetizer.swift in Sources */,
				92014B1128C68DDB0097EFD5 /* APError.swift in Sources */,
				92AD98FF28FB84A80061B2E3 /* XDismissButton.swift in Sources */,
				92014B0D28C68C380097EFD5 /* AppetizerListCell.swift in Sources */,
				92F2973328FC702D00692E6F /* Order.swift in Sources */,
				92F2972928FC55C200692E6F /* AccountViewModel.swift in Sources */,
				92014B1328C693A20097EFD5 /* AppetizerListViewModel.swift in Sources */,
				92AD98E528F4E98B0061B2E3 /* Color+Ext.swift in Sources */,
				92014B0528C6486B0097EFD5 /* AccountView.swift in Sources */,
				92F2972D28FC5BD400692E6F /* User.swift in Sources */,
				92AD98FD28FB83FB0061B2E3 /* APButton.swift in Sources */,
				92AD98E328F4E8A70061B2E3 /* LoadingView.swift in Sources */,
				92014AF728C647FD0097EFD5 /* AppetizerTabView.swift in Sources */,
				92014B0F28C68CF30097EFD5 /* NetworkManager.swift in Sources */,
				92AD98E728FB52040061B2E3 /* RemoteImage.swift in Sources */,
				92F2972B28FC573D00692E6F /* String+Ext.swift in Sources */,
				92F2973128FC6C8400692E6F /* EmptyState.swift in Sources */,
				92AD98FA28FB5D850061B2E3 /* AppetizerDetailView.swift in Sources */,
				92014AF528C647FD0097EFD5 /* AppetizersApp.swift in Sources */,
				92014B1528C695800097EFD5 /* Alert.swift in Sources */,
				92014B0328C648620097EFD5 /* AppetizerListView.swift in Sources */,
				92014B0728C648750097EFD5 /* OrderView.swift in Sources */,
			);
			runOnlyForDeploymentPostprocessing = 0;
		};
/* End PBXSourcesBuildPhase section */

/* Begin XCBuildConfiguration section */
		92014AFD28C647FF0097EFD5 /* Debug */ = {
			isa = XCBuildConfiguration;
			buildSettings = {
				ALWAYS_SEARCH_USER_PATHS = NO;
				CLANG_ANALYZER_NONNULL = YES;
				CLANG_ANALYZER_NUMBER_OBJECT_CONVERSION = YES_AGGRESSIVE;
				CLANG_CXX_LANGUAGE_STANDARD = "gnu++17";
				CLANG_ENABLE_MODULES = YES;
				CLANG_ENABLE_OBJC_ARC = YES;
				CLANG_ENABLE_OBJC_WEAK = YES;
				CLANG_WARN_BLOCK_CAPTURE_AUTORELEASING = YES;
				CLANG_WARN_BOOL_CONVERSION = YES;
				CLANG_WARN_COMMA = YES;
				CLANG_WARN_CONSTANT_CONVERSION = YES;
				CLANG_WARN_DEPRECATED_OBJC_IMPLEMENTATIONS = YES;
				CLANG_WARN_DIRECT_OBJC_ISA_USAGE = YES_ERROR;
				CLANG_WARN_DOCUMENTATION_COMMENTS = YES;
				CLANG_WARN_EMPTY_BODY = YES;
				CLANG_WARN_ENUM_CONVERSION = YES;
				CLANG_WARN_INFINITE_RECURSION = YES;
				CLANG_WARN_INT_CONVERSION = YES;
				CLANG_WARN_NON_LITERAL_NULL_CONVERSION = YES;
				CLANG_WARN_OBJC_IMPLICIT_RETAIN_SELF = YES;
				CLANG_WARN_OBJC_LITERAL_CONVERSION = YES;
				CLANG_WARN_OBJC_ROOT_CLASS = YES_ERROR;
				CLANG_WARN_QUOTED_INCLUDE_IN_FRAMEWORK_HEADER = YES;
				CLANG_WARN_RANGE_LOOP_ANALYSIS = YES;
				CLANG_WARN_STRICT_PROTOTYPES = YES;
				CLANG_WARN_SUSPICIOUS_MOVE = YES;
				CLANG_WARN_UNGUARDED_AVAILABILITY = YES_AGGRESSIVE;
				CLANG_WARN_UNREACHABLE_CODE = YES;
				CLANG_WARN__DUPLICATE_METHOD_MATCH = YES;
				COPY_PHASE_STRIP = NO;
				DEBUG_INFORMATION_FORMAT = dwarf;
				ENABLE_STRICT_OBJC_MSGSEND = YES;
				ENABLE_TESTABILITY = YES;
				GCC_C_LANGUAGE_STANDARD = gnu11;
				GCC_DYNAMIC_NO_PIC = NO;
				GCC_NO_COMMON_BLOCKS = YES;
				GCC_OPTIMIZATION_LEVEL = 0;
				GCC_PREPROCESSOR_DEFINITIONS = (
					"DEBUG=1",
					"$(inherited)",
				);
				GCC_WARN_64_TO_32_BIT_CONVERSION = YES;
				GCC_WARN_ABOUT_RETURN_TYPE = YES_ERROR;
				GCC_WARN_UNDECLARED_SELECTOR = YES;
				GCC_WARN_UNINITIALIZED_AUTOS = YES_AGGRESSIVE;
				GCC_WARN_UNUSED_FUNCTION = YES;
				GCC_WARN_UNUSED_VARIABLE = YES;
				IPHONEOS_DEPLOYMENT_TARGET = 15.5;
				MTL_ENABLE_DEBUG_INFO = INCLUDE_SOURCE;
				MTL_FAST_MATH = YES;
				ONLY_ACTIVE_ARCH = YES;
				SDKROOT = iphoneos;
				SWIFT_ACTIVE_COMPILATION_CONDITIONS = DEBUG;
				SWIFT_OPTIMIZATION_LEVEL = "-Onone";
			};
			name = Debug;
		};
		92014AFE28C647FF0097EFD5 /* Release */ = {
			isa = XCBuildConfiguration;
			buildSettings = {
				ALWAYS_SEARCH_USER_PATHS = NO;
				CLANG_ANALYZER_NONNULL = YES;
				CLANG_ANALYZER_NUMBER_OBJECT_CONVERSION = YES_AGGRESSIVE;
				CLANG_CXX_LANGUAGE_STANDARD = "gnu++17";
				CLANG_ENABLE_MODULES = YES;
				CLANG_ENABLE_OBJC_ARC = YES;
				CLANG_ENABLE_OBJC_WEAK = YES;
				CLANG_WARN_BLOCK_CAPTURE_AUTORELEASING = YES;
				CLANG_WARN_BOOL_CONVERSION = YES;
				CLANG_WARN_COMMA = YES;
				CLANG_WARN_CONSTANT_CONVERSION = YES;
				CLANG_WARN_DEPRECATED_OBJC_IMPLEMENTATIONS = YES;
				CLANG_WARN_DIRECT_OBJC_ISA_USAGE = YES_ERROR;
				CLANG_WARN_DOCUMENTATION_COMMENTS = YES;
				CLANG_WARN_EMPTY_BODY = YES;
				CLANG_WARN_ENUM_CONVERSION = YES;
				CLANG_WARN_INFINITE_RECURSION = YES;
				CLANG_WARN_INT_CONVERSION = YES;
				CLANG_WARN_NON_LITERAL_NULL_CONVERSION = YES;
				CLANG_WARN_OBJC_IMPLICIT_RETAIN_SELF = YES;
				CLANG_WARN_OBJC_LITERAL_CONVERSION = YES;
				CLANG_WARN_OBJC_ROOT_CLASS = YES_ERROR;
				CLANG_WARN_QUOTED_INCLUDE_IN_FRAMEWORK_HEADER = YES;
				CLANG_WARN_RANGE_LOOP_ANALYSIS = YES;
				CLANG_WARN_STRICT_PROTOTYPES = YES;
				CLANG_WARN_SUSPICIOUS_MOVE = YES;
				CLANG_WARN_UNGUARDED_AVAILABILITY = YES_AGGRESSIVE;
				CLANG_WARN_UNREACHABLE_CODE = YES;
				CLANG_WARN__DUPLICATE_METHOD_MATCH = YES;
				COPY_PHASE_STRIP = NO;
				DEBUG_INFORMATION_FORMAT = "dwarf-with-dsym";
				ENABLE_NS_ASSERTIONS = NO;
				ENABLE_STRICT_OBJC_MSGSEND = YES;
				GCC_C_LANGUAGE_STANDARD = gnu11;
				GCC_NO_COMMON_BLOCKS = YES;
				GCC_WARN_64_TO_32_BIT_CONVERSION = YES;
				GCC_WARN_ABOUT_RETURN_TYPE = YES_ERROR;
				GCC_WARN_UNDECLARED_SELECTOR = YES;
				GCC_WARN_UNINITIALIZED_AUTOS = YES_AGGRESSIVE;
				GCC_WARN_UNUSED_FUNCTION = YES;
				GCC_WARN_UNUSED_VARIABLE = YES;
				IPHONEOS_DEPLOYMENT_TARGET = 15.5;
				MTL_ENABLE_DEBUG_INFO = NO;
				MTL_FAST_MATH = YES;
				SDKROOT = iphoneos;
				SWIFT_COMPILATION_MODE = wholemodule;
				SWIFT_OPTIMIZATION_LEVEL = "-O";
				VALIDATE_PRODUCT = YES;
			};
			name = Release;
		};
		92014B0028C647FF0097EFD5 /* Debug */ = {
			isa = XCBuildConfiguration;
			buildSettings = {
				ASSETCATALOG_COMPILER_APPICON_NAME = AppIcon;
				ASSETCATALOG_COMPILER_GLOBAL_ACCENT_COLOR_NAME = AccentColor;
				CODE_SIGN_STYLE = Automatic;
				CURRENT_PROJECT_VERSION = 1;
				DEVELOPMENT_ASSET_PATHS = "\"Appetizers/Preview Content\"";
				DEVELOPMENT_TEAM = N7HAUF9TT9;
				ENABLE_PREVIEWS = YES;
				GENERATE_INFOPLIST_FILE = YES;
				INFOPLIST_KEY_UIApplicationSceneManifest_Generation = YES;
				INFOPLIST_KEY_UIApplicationSupportsIndirectInputEvents = YES;
				INFOPLIST_KEY_UILaunchScreen_Generation = YES;
				INFOPLIST_KEY_UISupportedInterfaceOrientations_iPad = "UIInterfaceOrientationPortrait UIInterfaceOrientationPortraitUpsideDown UIInterfaceOrientationLandscapeLeft UIInterfaceOrientationLandscapeRight";
				INFOPLIST_KEY_UISupportedInterfaceOrientations_iPhone = "UIInterfaceOrientationPortrait UIInterfaceOrientationLandscapeLeft UIInterfaceOrientationLandscapeRight";
				LD_RUNPATH_SEARCH_PATHS = (
					"$(inherited)",
					"@executable_path/Frameworks",
				);
				MARKETING_VERSION = 1.0;
				PRODUCT_BUNDLE_IDENTIFIER = com.acianfrocco.Appetizers;
				PRODUCT_NAME = "$(TARGET_NAME)";
				SWIFT_EMIT_LOC_STRINGS = YES;
				SWIFT_VERSION = 5.0;
				TARGETED_DEVICE_FAMILY = "1,2";
			};
			name = Debug;
		};
		92014B0128C647FF0097EFD5 /* Release */ = {
			isa = XCBuildConfiguration;
			buildSettings = {
				ASSETCATALOG_COMPILER_APPICON_NAME = AppIcon;
				ASSETCATALOG_COMPILER_GLOBAL_ACCENT_COLOR_NAME = AccentColor;
				CODE_SIGN_STYLE = Automatic;
				CURRENT_PROJECT_VERSION = 1;
				DEVELOPMENT_ASSET_PATHS = "\"Appetizers/Preview Content\"";
				DEVELOPMENT_TEAM = N7HAUF9TT9;
				ENABLE_PREVIEWS = YES;
				GENERATE_INFOPLIST_FILE = YES;
				INFOPLIST_KEY_UIApplicationSceneManifest_Generation = YES;
				INFOPLIST_KEY_UIApplicationSupportsIndirectInputEvents = YES;
				INFOPLIST_KEY_UILaunchScreen_Generation = YES;
				INFOPLIST_KEY_UISupportedInterfaceOrientations_iPad = "UIInterfaceOrientationPortrait UIInterfaceOrientationPortraitUpsideDown UIInterfaceOrientationLandscapeLeft UIInterfaceOrientationLandscapeRight";
				INFOPLIST_KEY_UISupportedInterfaceOrientations_iPhone = "UIInterfaceOrientationPortrait UIInterfaceOrientationLandscapeLeft UIInterfaceOrientationLandscapeRight";
				LD_RUNPATH_SEARCH_PATHS = (
					"$(inherited)",
					"@executable_path/Frameworks",
				);
				MARKETING_VERSION = 1.0;
				PRODUCT_BUNDLE_IDENTIFIER = com.acianfrocco.Appetizers;
				PRODUCT_NAME = "$(TARGET_NAME)";
				SWIFT_EMIT_LOC_STRINGS = YES;
				SWIFT_VERSION = 5.0;
				TARGETED_DEVICE_FAMILY = "1,2";
			};
			name = Release;
		};
/* End XCBuildConfiguration section */

/* Begin XCConfigurationList section */
		92014AEC28C647FD0097EFD5 /* Build configuration list for PBXProject "Appetizers" */ = {
			isa = XCConfigurationList;
			buildConfigurations = (
				92014AFD28C647FF0097EFD5 /* Debug */,
				92014AFE28C647FF0097EFD5 /* Release */,
			);
			defaultConfigurationIsVisible = 0;
			defaultConfigurationName = Release;
		};
		92014AFF28C647FF0097EFD5 /* Build configuration list for PBXNativeTarget "Appetizers" */ = {
			isa = XCConfigurationList;
			buildConfigurations = (
				92014B0028C647FF0097EFD5 /* Debug */,
				92014B0128C647FF0097EFD5 /* Release */,
			);
			defaultConfigurationIsVisible = 0;
			defaultConfigurationName = Release;
		};
/* End XCConfigurationList section */
	};
	rootObject = 92014AE928C647FD0097EFD5 /* Project object */;
}
